dependencies:
  espressif/led_strip:
    component_hash: 28c6509a727ef74925b372ed404772aeedf11cce10b78c3f69b3c66799095e2d
    dependencies:
    - name: idf
      require: private
      version: '>=4.4'
    source:
      registry_url: https://components.espressif.com/
      type: service
    version: 2.5.5
  espressif/mdns:
    component_hash: d8ae7aa491ff97aea1d00d514a1de42cdbaaf1bce10df183968fa5594b904de7
    dependencies:
    - name: idf
      require: private
      version: '>=5.0'
    source:
      registry_url: https://components.espressif.com/
      type: service
    version: 1.2.5
  espressif/usb_host_msc:
    component_hash: a7330d2bc4f81c21fd335df073405085bbad5cdf084a1be79fb52383d0d0d6fd
    dependencies:
    - name: idf
      require: private
      version: '>=5.0'
    - name: espressif/usb
      registry_url: https://components.espressif.com
      require: public
      rules:
      - if: idf_version >=6.0
      - if: target not in ["linux"]
      version: ^1.0.0
    source:
      registry_url: https://components.espressif.com/
      type: service
    targets:
    - esp32s2
    - esp32s3
    - esp32p4
    - esp32h4
    - esp32s31
    - linux
    version: 1.2.0
  idf:
    source:
      type: idf
    version: 5.4.0
  joltwallet/littlefs:
    component_hash: 29eff7921c4e8bce021aeb7fff2723bfcafed661756de700646ea0f6223c2a32
    dependencies:
    - name: idf
      require: private
      version: '>=5.0'
    source:
      registry_url: https://components.espressif.com/
      type: service
    version: 1.21.1
direct_dependencies:
- espressif/led_strip
- espressif/mdns
- espressif/usb_host_msc
- joltwallet/littlefs
manifest_hash: 06e28960963476df98175570135a9bbe77a38d7e56021e7731a91553d65715ac
target: esp32s3
version: 2.0.0
